{
  "lockfileVersion": 1,
  "workspaces": {
    "": {
      "name": "saas-utils",
      "devDependencies": {
        "@types/bun": "^1.2.12",
        "@typescript/native-preview": "^7.0.0-dev.20250522.2",
        "typescript": "^5.8.3",
      },
      "peerDependencies": {
        "@bugsnag/js": "^8.2.0",
        "@sentry/browser": "^9.17.0",
        "@sentry/node": "^9.17.0",
        "@types/react": "^19.1.4",
        "posthog-js": "^1.245.0",
        "react": "^19.1.0",
      },
      "optionalPeers": [
        "@bugsnag/js",
        "@sentry/browser",
        "@sentry/node",
        "@types/react",
        "posthog-js",
        "react",
      ],
    },
  },
  "packages": {
    "@bugsnag/browser": ["@bugsnag/browser@8.2.0", "", { "dependencies": { "@bugsnag/core": "^8.2.0" } }, "sha512-C4BfE3eVsjOAqoXbdrPXfKbgp/hz2H7mKBU0p11Jf9uz+5gUCfZK+39JLrQKvRXwqoDcTlBSfz9Xz5kXLyHg2Q=="],

    "@bugsnag/core": ["@bugsnag/core@8.2.0", "", { "dependencies": { "@bugsnag/cuid": "^3.0.0", "@bugsnag/safe-json-stringify": "^6.0.0", "error-stack-parser": "^2.0.3", "iserror": "^0.0.2", "stack-generator": "^2.0.3" } }, "sha512-dFSs80ZwJ508nlC6UTLTUMdHgTaHY5UKvMiuHqstCQrQrOjqFcIv+x4o+l2WrSyOpoYhHAxDlKfzKN8AjwslQw=="],

    "@bugsnag/cuid": ["@bugsnag/cuid@3.2.1", "", {}, "sha512-zpvN8xQ5rdRWakMd/BcVkdn2F8HKlDSbM3l7duueK590WmI1T0ObTLc1V/1e55r14WNjPd5AJTYX4yPEAFVi+Q=="],

    "@bugsnag/js": ["@bugsnag/js@8.2.0", "", { "dependencies": { "@bugsnag/browser": "^8.2.0", "@bugsnag/node": "^8.2.0" } }, "sha512-DTtQwV1Ly5VXSOnVtzW8gSwB+ld3qIc/h0yMS836DEYUfA3V9JPwJE3+2EbD8Ea2ogkDWZ+a0jl0SNSNGiOmfA=="],

    "@bugsnag/node": ["@bugsnag/node@8.2.0", "", { "dependencies": { "@bugsnag/core": "^8.2.0", "byline": "^5.0.0", "error-stack-parser": "^2.0.3", "iserror": "^0.0.2", "pump": "^3.0.0", "stack-generator": "^2.0.3" } }, "sha512-6XC/KgX61m6YFgsBQP/GaH1UzlJkJmpi3AwlZQLsXloRh3O9lM/0EIk6+2sZm+vlz+GwxCFavcuIDgVmH/qi7Q=="],

    "@bugsnag/safe-json-stringify": ["@bugsnag/safe-json-stringify@6.0.0", "", {}, "sha512-htzFO1Zc57S8kgdRK9mLcPVTW1BY2ijfH7Dk2CeZmspTWKdKqSo1iwmqrq2WtRjFlo8aRZYgLX0wFrDXF/9DLA=="],

    "@fastify/otel": ["@fastify/otel@0.6.0", "", { "dependencies": { "@opentelemetry/core": "^2.0.0", "@opentelemetry/instrumentation": "^0.200.0", "@opentelemetry/semantic-conventions": "^1.28.0" }, "peerDependencies": { "@opentelemetry/api": "^1.9.0" } }, "sha512-lL+36KwGcFiAMcsPOLLsR+GV8ZpQuz5RLVstlgqmecTdQLTXVOe9Z8uwpMg9ktPcV++Ugp3dzzpBKNFWWWelYg=="],

    "@opentelemetry/api": ["@opentelemetry/api@1.9.0", "", {}, "sha512-3giAOQvZiH5F9bMlMiv8+GSPMeqg0dbaeo58/0SlA9sxSqZhnUtxzX9/2FzyhS9sWQf5S0GJE0AKBrFqjpeYcg=="],

    "@opentelemetry/api-logs": ["@opentelemetry/api-logs@0.57.2", "", { "dependencies": { "@opentelemetry/api": "^1.3.0" } }, "sha512-uIX52NnTM0iBh84MShlpouI7UKqkZ7MrUszTmaypHBu4r7NofznSnQRfJ+uUeDtQDj6w8eFGg5KBLDAwAPz1+A=="],

    "@opentelemetry/context-async-hooks": ["@opentelemetry/context-async-hooks@1.30.1", "", { "peerDependencies": { "@opentelemetry/api": ">=1.0.0 <1.10.0" } }, "sha512-s5vvxXPVdjqS3kTLKMeBMvop9hbWkwzBpu+mUO2M7sZtlkyDJGwFe33wRKnbaYDo8ExRVBIIdwIGrqpxHuKttA=="],

    "@opentelemetry/core": ["@opentelemetry/core@1.30.1", "", { "dependencies": { "@opentelemetry/semantic-conventions": "1.28.0" }, "peerDependencies": { "@opentelemetry/api": ">=1.0.0 <1.10.0" } }, "sha512-OOCM2C/QIURhJMuKaekP3TRBxBKxG/TWWA0TL2J6nXUtDnuCtccy49LUJF8xPFXMX+0LMcxFpCo8M9cGY1W6rQ=="],

    "@opentelemetry/instrumentation": ["@opentelemetry/instrumentation@0.57.2", "", { "dependencies": { "@opentelemetry/api-logs": "0.57.2", "@types/shimmer": "^1.2.0", "import-in-the-middle": "^1.8.1", "require-in-the-middle": "^7.1.1", "semver": "^7.5.2", "shimmer": "^1.2.1" }, "peerDependencies": { "@opentelemetry/api": "^1.3.0" } }, "sha512-BdBGhQBh8IjZ2oIIX6F2/Q3LKm/FDDKi6ccYKcBTeilh6SNdNKveDOLk73BkSJjQLJk6qe4Yh+hHw1UPhCDdrg=="],

    "@opentelemetry/instrumentation-amqplib": ["@opentelemetry/instrumentation-amqplib@0.46.1", "", { "dependencies": { "@opentelemetry/core": "^1.8.0", "@opentelemetry/instrumentation": "^0.57.1", "@opentelemetry/semantic-conventions": "^1.27.0" }, "peerDependencies": { "@opentelemetry/api": "^1.3.0" } }, "sha512-AyXVnlCf/xV3K/rNumzKxZqsULyITJH6OVLiW6730JPRqWA7Zc9bvYoVNpN6iOpTU8CasH34SU/ksVJmObFibQ=="],

    "@opentelemetry/instrumentation-connect": ["@opentelemetry/instrumentation-connect@0.43.1", "", { "dependencies": { "@opentelemetry/core": "^1.8.0", "@opentelemetry/instrumentation": "^0.57.1", "@opentelemetry/semantic-conventions": "^1.27.0", "@types/connect": "3.4.38" }, "peerDependencies": { "@opentelemetry/api": "^1.3.0" } }, "sha512-ht7YGWQuV5BopMcw5Q2hXn3I8eG8TH0J/kc/GMcW4CuNTgiP6wCu44BOnucJWL3CmFWaRHI//vWyAhaC8BwePw=="],

    "@opentelemetry/instrumentation-dataloader": ["@opentelemetry/instrumentation-dataloader@0.16.1", "", { "dependencies": { "@opentelemetry/instrumentation": "^0.57.1" }, "peerDependencies": { "@opentelemetry/api": "^1.3.0" } }, "sha512-K/qU4CjnzOpNkkKO4DfCLSQshejRNAJtd4esgigo/50nxCB6XCyi1dhAblUHM9jG5dRm8eu0FB+t87nIo99LYQ=="],

    "@opentelemetry/instrumentation-express": ["@opentelemetry/instrumentation-express@0.47.1", "", { "dependencies": { "@opentelemetry/core": "^1.8.0", "@opentelemetry/instrumentation": "^0.57.1", "@opentelemetry/semantic-conventions": "^1.27.0" }, "peerDependencies": { "@opentelemetry/api": "^1.3.0" } }, "sha512-QNXPTWteDclR2B4pDFpz0TNghgB33UMjUt14B+BZPmtH1MwUFAfLHBaP5If0Z5NZC+jaH8oF2glgYjrmhZWmSw=="],

    "@opentelemetry/instrumentation-fs": ["@opentelemetry/instrumentation-fs@0.19.1", "", { "dependencies": { "@opentelemetry/core": "^1.8.0", "@opentelemetry/instrumentation": "^0.57.1" }, "peerDependencies": { "@opentelemetry/api": "^1.3.0" } }, "sha512-6g0FhB3B9UobAR60BGTcXg4IHZ6aaYJzp0Ki5FhnxyAPt8Ns+9SSvgcrnsN2eGmk3RWG5vYycUGOEApycQL24A=="],

    "@opentelemetry/instrumentation-generic-pool": ["@opentelemetry/instrumentation-generic-pool@0.43.1", "", { "dependencies": { "@opentelemetry/instrumentation": "^0.57.1" }, "peerDependencies": { "@opentelemetry/api": "^1.3.0" } }, "sha512-M6qGYsp1cURtvVLGDrPPZemMFEbuMmCXgQYTReC/IbimV5sGrLBjB+/hANUpRZjX67nGLdKSVLZuQQAiNz+sww=="],

    "@opentelemetry/instrumentation-graphql": ["@opentelemetry/instrumentation-graphql@0.47.1", "", { "dependencies": { "@opentelemetry/instrumentation": "^0.57.1" }, "peerDependencies": { "@opentelemetry/api": "^1.3.0" } }, "sha512-EGQRWMGqwiuVma8ZLAZnExQ7sBvbOx0N/AE/nlafISPs8S+QtXX+Viy6dcQwVWwYHQPAcuY3bFt3xgoAwb4ZNQ=="],

    "@opentelemetry/instrumentation-hapi": ["@opentelemetry/instrumentation-hapi@0.45.2", "", { "dependencies": { "@opentelemetry/core": "^1.8.0", "@opentelemetry/instrumentation": "^0.57.1", "@opentelemetry/semantic-conventions": "^1.27.0" }, "peerDependencies": { "@opentelemetry/api": "^1.3.0" } }, "sha512-7Ehow/7Wp3aoyCrZwQpU7a2CnoMq0XhIcioFuKjBb0PLYfBfmTsFTUyatlHu0fRxhwcRsSQRTvEhmZu8CppBpQ=="],

    "@opentelemetry/instrumentation-http": ["@opentelemetry/instrumentation-http@0.57.2", "", { "dependencies": { "@opentelemetry/core": "1.30.1", "@opentelemetry/instrumentation": "0.57.2", "@opentelemetry/semantic-conventions": "1.28.0", "forwarded-parse": "2.1.2", "semver": "^7.5.2" }, "peerDependencies": { "@opentelemetry/api": "^1.3.0" } }, "sha512-1Uz5iJ9ZAlFOiPuwYg29Bf7bJJc/GeoeJIFKJYQf67nTVKFe8RHbEtxgkOmK4UGZNHKXcpW4P8cWBYzBn1USpg=="],

    "@opentelemetry/instrumentation-ioredis": ["@opentelemetry/instrumentation-ioredis@0.47.1", "", { "dependencies": { "@opentelemetry/instrumentation": "^0.57.1", "@opentelemetry/redis-common": "^0.36.2", "@opentelemetry/semantic-conventions": "^1.27.0" }, "peerDependencies": { "@opentelemetry/api": "^1.3.0" } }, "sha512-OtFGSN+kgk/aoKgdkKQnBsQFDiG8WdCxu+UrHr0bXScdAmtSzLSraLo7wFIb25RVHfRWvzI5kZomqJYEg/l1iA=="],

    "@opentelemetry/instrumentation-kafkajs": ["@opentelemetry/instrumentation-kafkajs@0.7.1", "", { "dependencies": { "@opentelemetry/instrumentation": "^0.57.1", "@opentelemetry/semantic-conventions": "^1.27.0" }, "peerDependencies": { "@opentelemetry/api": "^1.3.0" } }, "sha512-OtjaKs8H7oysfErajdYr1yuWSjMAectT7Dwr+axIoZqT9lmEOkD/H/3rgAs8h/NIuEi2imSXD+vL4MZtOuJfqQ=="],

    "@opentelemetry/instrumentation-knex": ["@opentelemetry/instrumentation-knex@0.44.1", "", { "dependencies": { "@opentelemetry/instrumentation": "^0.57.1", "@opentelemetry/semantic-conventions": "^1.27.0" }, "peerDependencies": { "@opentelemetry/api": "^1.3.0" } }, "sha512-U4dQxkNhvPexffjEmGwCq68FuftFK15JgUF05y/HlK3M6W/G2iEaACIfXdSnwVNe9Qh0sPfw8LbOPxrWzGWGMQ=="],

    "@opentelemetry/instrumentation-koa": ["@opentelemetry/instrumentation-koa@0.47.1", "", { "dependencies": { "@opentelemetry/core": "^1.8.0", "@opentelemetry/instrumentation": "^0.57.1", "@opentelemetry/semantic-conventions": "^1.27.0" }, "peerDependencies": { "@opentelemetry/api": "^1.3.0" } }, "sha512-l/c+Z9F86cOiPJUllUCt09v+kICKvT+Vg1vOAJHtHPsJIzurGayucfCMq2acd/A/yxeNWunl9d9eqZ0G+XiI6A=="],

    "@opentelemetry/instrumentation-lru-memoizer": ["@opentelemetry/instrumentation-lru-memoizer@0.44.1", "", { "dependencies": { "@opentelemetry/instrumentation": "^0.57.1" }, "peerDependencies": { "@opentelemetry/api": "^1.3.0" } }, "sha512-5MPkYCvG2yw7WONEjYj5lr5JFehTobW7wX+ZUFy81oF2lr9IPfZk9qO+FTaM0bGEiymwfLwKe6jE15nHn1nmHg=="],

    "@opentelemetry/instrumentation-mongodb": ["@opentelemetry/instrumentation-mongodb@0.52.0", "", { "dependencies": { "@opentelemetry/instrumentation": "^0.57.1", "@opentelemetry/semantic-conventions": "^1.27.0" }, "peerDependencies": { "@opentelemetry/api": "^1.3.0" } }, "sha512-1xmAqOtRUQGR7QfJFfGV/M2kC7wmI2WgZdpru8hJl3S0r4hW0n3OQpEHlSGXJAaNFyvT+ilnwkT+g5L4ljHR6g=="],

    "@opentelemetry/instrumentation-mongoose": ["@opentelemetry/instrumentation-mongoose@0.46.1", "", { "dependencies": { "@opentelemetry/core": "^1.8.0", "@opentelemetry/instrumentation": "^0.57.1", "@opentelemetry/semantic-conventions": "^1.27.0" }, "peerDependencies": { "@opentelemetry/api": "^1.3.0" } }, "sha512-3kINtW1LUTPkiXFRSSBmva1SXzS/72we/jL22N+BnF3DFcoewkdkHPYOIdAAk9gSicJ4d5Ojtt1/HeibEc5OQg=="],

    "@opentelemetry/instrumentation-mysql": ["@opentelemetry/instrumentation-mysql@0.45.1", "", { "dependencies": { "@opentelemetry/instrumentation": "^0.57.1", "@opentelemetry/semantic-conventions": "^1.27.0", "@types/mysql": "2.15.26" }, "peerDependencies": { "@opentelemetry/api": "^1.3.0" } }, "sha512-TKp4hQ8iKQsY7vnp/j0yJJ4ZsP109Ht6l4RHTj0lNEG1TfgTrIH5vJMbgmoYXWzNHAqBH2e7fncN12p3BP8LFg=="],

    "@opentelemetry/instrumentation-mysql2": ["@opentelemetry/instrumentation-mysql2@0.45.2", "", { "dependencies": { "@opentelemetry/instrumentation": "^0.57.1", "@opentelemetry/semantic-conventions": "^1.27.0", "@opentelemetry/sql-common": "^0.40.1" }, "peerDependencies": { "@opentelemetry/api": "^1.3.0" } }, "sha512-h6Ad60FjCYdJZ5DTz1Lk2VmQsShiViKe0G7sYikb0GHI0NVvApp2XQNRHNjEMz87roFttGPLHOYVPlfy+yVIhQ=="],

    "@opentelemetry/instrumentation-pg": ["@opentelemetry/instrumentation-pg@0.51.1", "", { "dependencies": { "@opentelemetry/core": "^1.26.0", "@opentelemetry/instrumentation": "^0.57.1", "@opentelemetry/semantic-conventions": "^1.27.0", "@opentelemetry/sql-common": "^0.40.1", "@types/pg": "8.6.1", "@types/pg-pool": "2.0.6" }, "peerDependencies": { "@opentelemetry/api": "^1.3.0" } }, "sha512-QxgjSrxyWZc7Vk+qGSfsejPVFL1AgAJdSBMYZdDUbwg730D09ub3PXScB9d04vIqPriZ+0dqzjmQx0yWKiCi2Q=="],

    "@opentelemetry/instrumentation-redis-4": ["@opentelemetry/instrumentation-redis-4@0.46.1", "", { "dependencies": { "@opentelemetry/instrumentation": "^0.57.1", "@opentelemetry/redis-common": "^0.36.2", "@opentelemetry/semantic-conventions": "^1.27.0" }, "peerDependencies": { "@opentelemetry/api": "^1.3.0" } }, "sha512-UMqleEoabYMsWoTkqyt9WAzXwZ4BlFZHO40wr3d5ZvtjKCHlD4YXLm+6OLCeIi/HkX7EXvQaz8gtAwkwwSEvcQ=="],

    "@opentelemetry/instrumentation-tedious": ["@opentelemetry/instrumentation-tedious@0.18.1", "", { "dependencies": { "@opentelemetry/instrumentation": "^0.57.1", "@opentelemetry/semantic-conventions": "^1.27.0", "@types/tedious": "^4.0.14" }, "peerDependencies": { "@opentelemetry/api": "^1.3.0" } }, "sha512-5Cuy/nj0HBaH+ZJ4leuD7RjgvA844aY2WW+B5uLcWtxGjRZl3MNLuxnNg5DYWZNPO+NafSSnra0q49KWAHsKBg=="],

    "@opentelemetry/instrumentation-undici": ["@opentelemetry/instrumentation-undici@0.10.1", "", { "dependencies": { "@opentelemetry/core": "^1.8.0", "@opentelemetry/instrumentation": "^0.57.1" }, "peerDependencies": { "@opentelemetry/api": "^1.7.0" } }, "sha512-rkOGikPEyRpMCmNu9AQuV5dtRlDmJp2dK5sw8roVshAGoB6hH/3QjDtRhdwd75SsJwgynWUNRUYe0wAkTo16tQ=="],

    "@opentelemetry/redis-common": ["@opentelemetry/redis-common@0.36.2", "", {}, "sha512-faYX1N0gpLhej/6nyp6bgRjzAKXn5GOEMYY7YhciSfCoITAktLUtQ36d24QEWNA1/WA1y6qQunCe0OhHRkVl9g=="],

    "@opentelemetry/resources": ["@opentelemetry/resources@1.30.1", "", { "dependencies": { "@opentelemetry/core": "1.30.1", "@opentelemetry/semantic-conventions": "1.28.0" }, "peerDependencies": { "@opentelemetry/api": ">=1.0.0 <1.10.0" } }, "sha512-5UxZqiAgLYGFjS4s9qm5mBVo433u+dSPUFWVWXmLAD4wB65oMCoXaJP1KJa9DIYYMeHu3z4BZcStG3LC593cWA=="],

    "@opentelemetry/sdk-trace-base": ["@opentelemetry/sdk-trace-base@1.30.1", "", { "dependencies": { "@opentelemetry/core": "1.30.1", "@opentelemetry/resources": "1.30.1", "@opentelemetry/semantic-conventions": "1.28.0" }, "peerDependencies": { "@opentelemetry/api": ">=1.0.0 <1.10.0" } }, "sha512-jVPgBbH1gCy2Lb7X0AVQ8XAfgg0pJ4nvl8/IiQA6nxOsPvS+0zMJaFSs2ltXe0J6C8dqjcnpyqINDJmU30+uOg=="],

    "@opentelemetry/semantic-conventions": ["@opentelemetry/semantic-conventions@1.33.0", "", {}, "sha512-TIpZvE8fiEILFfTlfPnltpBaD3d9/+uQHVCyC3vfdh6WfCXKhNFzoP5RyDDIndfvZC5GrA4pyEDNyjPloJud+w=="],

    "@opentelemetry/sql-common": ["@opentelemetry/sql-common@0.40.1", "", { "dependencies": { "@opentelemetry/core": "^1.1.0" }, "peerDependencies": { "@opentelemetry/api": "^1.1.0" } }, "sha512-nSDlnHSqzC3pXn/wZEZVLuAuJ1MYMXPBwtv2qAbCa3847SaHItdE7SzUq/Jtb0KZmh1zfAbNi3AAMjztTT4Ugg=="],

    "@prisma/instrumentation": ["@prisma/instrumentation@6.7.0", "", { "dependencies": { "@opentelemetry/instrumentation": "^0.52.0 || ^0.53.0 || ^0.54.0 || ^0.55.0 || ^0.56.0 || ^0.57.0" }, "peerDependencies": { "@opentelemetry/api": "^1.8" } }, "sha512-3NuxWlbzYNevgPZbV0ktA2z6r0bfh0g22ONTxcK09a6+6MdIPjHsYx1Hnyu4yOq+j7LmupO5J69hhuOnuvj8oQ=="],

    "@sentry-internal/browser-utils": ["@sentry-internal/browser-utils@9.17.0", "", { "dependencies": { "@sentry/core": "9.17.0" } }, "sha512-37n6NXtkUfdK7YiP3L5DJvhA/iusOmnjHQdX1e2VwI6a29xHCl/vRqLR3XNr5K4m+49al+3fWo2ltcKsfV+0xw=="],

    "@sentry-internal/feedback": ["@sentry-internal/feedback@9.17.0", "", { "dependencies": { "@sentry/core": "9.17.0" } }, "sha512-C2jBlGgYVGm8eXK38wlYQyd6NsHKaQlENg5fx8TDFMKWMNmLf6BmnPZ+y73OsFwcUtBz04CwZteybYB2GgYrvQ=="],

    "@sentry-internal/replay": ["@sentry-internal/replay@9.17.0", "", { "dependencies": { "@sentry-internal/browser-utils": "9.17.0", "@sentry/core": "9.17.0" } }, "sha512-oH4NolXkEpe73eRP9r3K6WpERYItZisYQudsNrtkUBQL5M/uENiE7YTOvL5osD8AWmU0hCKY3Oua+qDi2lB+8g=="],

    "@sentry-internal/replay-canvas": ["@sentry-internal/replay-canvas@9.17.0", "", { "dependencies": { "@sentry-internal/replay": "9.17.0", "@sentry/core": "9.17.0" } }, "sha512-w9AxBJIa+MbxDngvwnqouoJ/ezb7wNjxzFXtmaVtGp7hbC4yme/TOTNtFYg2J/ceQf3GMc8AfW5tsP6zU0R7gg=="],

    "@sentry/browser": ["@sentry/browser@9.17.0", "", { "dependencies": { "@sentry-internal/browser-utils": "9.17.0", "@sentry-internal/feedback": "9.17.0", "@sentry-internal/replay": "9.17.0", "@sentry-internal/replay-canvas": "9.17.0", "@sentry/core": "9.17.0" } }, "sha512-3e/Q5bv06Q+XYV2cKmUgfMfnJtBY8MZKufpcwQ2ab2eMrastqau9KjYeWXapskDm179oPLfzLcDCSlDSTcvqpQ=="],

    "@sentry/core": ["@sentry/core@9.17.0", "", {}, "sha512-9f1A93/kY9lLH06L1thPx94IhyLjEP3aRxYAtjtBfzId8UtubSpwP92sbxgslodD73R4tURwWJj7nYZ9HLYBUg=="],

    "@sentry/node": ["@sentry/node@9.17.0", "", { "dependencies": { "@fastify/otel": "0.6.0", "@opentelemetry/api": "^1.9.0", "@opentelemetry/context-async-hooks": "^1.30.1", "@opentelemetry/core": "^1.30.1", "@opentelemetry/instrumentation": "^0.57.2", "@opentelemetry/instrumentation-amqplib": "^0.46.1", "@opentelemetry/instrumentation-connect": "0.43.1", "@opentelemetry/instrumentation-dataloader": "0.16.1", "@opentelemetry/instrumentation-express": "0.47.1", "@opentelemetry/instrumentation-fs": "0.19.1", "@opentelemetry/instrumentation-generic-pool": "0.43.1", "@opentelemetry/instrumentation-graphql": "0.47.1", "@opentelemetry/instrumentation-hapi": "0.45.2", "@opentelemetry/instrumentation-http": "0.57.2", "@opentelemetry/instrumentation-ioredis": "0.47.1", "@opentelemetry/instrumentation-kafkajs": "0.7.1", "@opentelemetry/instrumentation-knex": "0.44.1", "@opentelemetry/instrumentation-koa": "0.47.1", "@opentelemetry/instrumentation-lru-memoizer": "0.44.1", "@opentelemetry/instrumentation-mongodb": "0.52.0", "@opentelemetry/instrumentation-mongoose": "0.46.1", "@opentelemetry/instrumentation-mysql": "0.45.1", "@opentelemetry/instrumentation-mysql2": "0.45.2", "@opentelemetry/instrumentation-pg": "0.51.1", "@opentelemetry/instrumentation-redis-4": "0.46.1", "@opentelemetry/instrumentation-tedious": "0.18.1", "@opentelemetry/instrumentation-undici": "0.10.1", "@opentelemetry/resources": "^1.30.1", "@opentelemetry/sdk-trace-base": "^1.30.1", "@opentelemetry/semantic-conventions": "^1.30.0", "@prisma/instrumentation": "6.7.0", "@sentry/core": "9.17.0", "@sentry/opentelemetry": "9.17.0", "import-in-the-middle": "^1.13.0" } }, "sha512-TQkQOEjf4kww15mtt6KJ0s/5+ZNt4zjR0grH3zbuBbp2jca4vbR4/Z8alFsnJv5Rp0ppBfxoNyn9JHKbquvPYw=="],

    "@sentry/opentelemetry": ["@sentry/opentelemetry@9.17.0", "", { "dependencies": { "@sentry/core": "9.17.0" }, "peerDependencies": { "@opentelemetry/api": "^1.9.0", "@opentelemetry/context-async-hooks": "^1.30.1", "@opentelemetry/core": "^1.30.1", "@opentelemetry/instrumentation": "^0.57.1", "@opentelemetry/sdk-trace-base": "^1.30.1", "@opentelemetry/semantic-conventions": "^1.28.0" } }, "sha512-hrQ5SwW3pUwQ+ORBILqQqFj9ZLoKqo12OWuTwR8fxCErVJGeezuNvIpyNfkdtEW7X6N0AQnEfAg3umDAt/TAGw=="],

    "@types/bun": ["@types/bun@1.2.12", "", { "dependencies": { "bun-types": "1.2.12" } }, "sha512-lY/GQTXDGsolT/TiH72p1tuyUORuRrdV7VwOTOjDOt8uTBJQOJc5zz3ufwwDl0VBaoxotSk4LdP0hhjLJ6ypIQ=="],

    "@types/connect": ["@types/connect@3.4.38", "", { "dependencies": { "@types/node": "*" } }, "sha512-K6uROf1LD88uDQqJCktA4yzL1YYAK6NgfsI0v/mTgyPKWsX1CnJ0XPSDhViejru1GcRkLWb8RlzFYJRqGUbaug=="],

    "@types/mysql": ["@types/mysql@2.15.26", "", { "dependencies": { "@types/node": "*" } }, "sha512-DSLCOXhkvfS5WNNPbfn2KdICAmk8lLc+/PNvnPnF7gOdMZCxopXduqv0OQ13y/yA/zXTSikZZqVgybUxOEg6YQ=="],

    "@types/node": ["@types/node@22.15.17", "", { "dependencies": { "undici-types": "~6.21.0" } }, "sha512-wIX2aSZL5FE+MR0JlvF87BNVrtFWf6AE6rxSE9X7OwnVvoyCQjpzSRJ+M87se/4QCkCiebQAqrJ0y6fwIyi7nw=="],

    "@types/pg": ["@types/pg@8.6.1", "", { "dependencies": { "@types/node": "*", "pg-protocol": "*", "pg-types": "^2.2.0" } }, "sha512-1Kc4oAGzAl7uqUStZCDvaLFqZrW9qWSjXOmBfdgyBP5La7Us6Mg4GBvRlSoaZMhQF/zSj1C8CtKMBkoiT8eL8w=="],

    "@types/pg-pool": ["@types/pg-pool@2.0.6", "", { "dependencies": { "@types/pg": "*" } }, "sha512-TaAUE5rq2VQYxab5Ts7WZhKNmuN78Q6PiFonTDdpbx8a1H0M1vhy3rhiMjl+e2iHmogyMw7jZF4FrE6eJUy5HQ=="],

    "@types/shimmer": ["@types/shimmer@1.2.0", "", {}, "sha512-UE7oxhQLLd9gub6JKIAhDq06T0F6FnztwMNRvYgjeQSBeMc1ZG/tA47EwfduvkuQS8apbkM/lpLpWsaCeYsXVg=="],

    "@types/tedious": ["@types/tedious@4.0.14", "", { "dependencies": { "@types/node": "*" } }, "sha512-KHPsfX/FoVbUGbyYvk1q9MMQHLPeRZhRJZdO45Q4YjvFkv4hMNghCWTvy7rdKessBsmtz4euWCWAB6/tVpI1Iw=="],

    "@typescript/native-preview": ["@typescript/native-preview@7.0.0-dev.20250522.2", "", { "optionalDependencies": { "@typescript/native-preview-darwin-arm64": "7.0.0-dev.20250522.2", "@typescript/native-preview-darwin-x64": "7.0.0-dev.20250522.2", "@typescript/native-preview-linux-arm": "7.0.0-dev.20250522.2", "@typescript/native-preview-linux-arm64": "7.0.0-dev.20250522.2", "@typescript/native-preview-linux-x64": "7.0.0-dev.20250522.2", "@typescript/native-preview-win32-arm64": "7.0.0-dev.20250522.2", "@typescript/native-preview-win32-x64": "7.0.0-dev.20250522.2" }, "bin": { "tsgo": "bin/tsgo.js" } }, "sha512-OgKwE3W+Xn53pgfCnY0kk+yVoecTm9yeExDAphzzwi+yT3pxSc9ne2tcVZJrHzoaw6X7Q/r90aDfbYr9P9fyrQ=="],

    "@typescript/native-preview-darwin-arm64": ["@typescript/native-preview-darwin-arm64@7.0.0-dev.20250522.2", "", { "os": "darwin", "cpu": "arm64" }, "sha512-QPDsnokqCgIU3wkcFe9HLsuyHd1lw1042qQhpfO4cSr1nudADLoybmy5TM05TARLSQS/1ahVm3DkpLKMeV+4yA=="],

    "@typescript/native-preview-darwin-x64": ["@typescript/native-preview-darwin-x64@7.0.0-dev.20250522.2", "", { "os": "darwin", "cpu": "x64" }, "sha512-Bm+0Da1zHoVCQZgGUWc0avzF6h6CWIKQRLzqnimJ0hbhvix5PnxDKGVJ/ZeLkCGN4eqgS10ynhYqQbv6XkZX9w=="],

    "@typescript/native-preview-linux-arm": ["@typescript/native-preview-linux-arm@7.0.0-dev.20250522.2", "", { "os": "linux", "cpu": "arm" }, "sha512-BKyXRnYh+O9zqOu6Sa1/76deqM7zKO2P+IVU2Cyxt1TinJonNiB6Vj5oRcEgSmdOEGBUMbNWrPZFvcXT3INy1g=="],

    "@typescript/native-preview-linux-arm64": ["@typescript/native-preview-linux-arm64@7.0.0-dev.20250522.2", "", { "os": "linux", "cpu": "arm64" }, "sha512-6QjpFV0ltpAYVDz74TlfUKQh55RfIl6Ksrzo5o2tIcgZbuR3iIIU8Jv4r/Lbevk9Fq6jPKnZafLINI+Qna9PSg=="],

    "@typescript/native-preview-linux-x64": ["@typescript/native-preview-linux-x64@7.0.0-dev.20250522.2", "", { "os": "linux", "cpu": "x64" }, "sha512-JZGWbc4aFwiI22C7/oI2PDu2lPEiPSI3L8cOSJ+4FuAebBN7hoY1XW3QBvjIVmRgQPhw7SkQvTiWIE3+kqly5Q=="],

    "@typescript/native-preview-win32-arm64": ["@typescript/native-preview-win32-arm64@7.0.0-dev.20250522.2", "", { "os": "win32", "cpu": "arm64" }, "sha512-Yh7dd1a56Gg/4gTePCFjZEHmB05rJxC48pRrSaiao6b5pSoqPacJZ0tUemSFVuOV/snVj0IiDHoUo/ufOrZ7gA=="],

    "@typescript/native-preview-win32-x64": ["@typescript/native-preview-win32-x64@7.0.0-dev.20250522.2", "", { "os": "win32", "cpu": "x64" }, "sha512-GtSKBpSvKZCQVDZ3qvuiqvRGy9OX39FQmlwe+gLIZuNZLn9KQQxaCmBJf6CXt5ICdViSKUIbV0SJuKrNL0hyNA=="],

    "acorn": ["acorn@8.14.1", "", { "bin": { "acorn": "bin/acorn" } }, "sha512-OvQ/2pUDKmgfCg++xsTX1wGxfTaszcHVcTctW4UJB4hibJx2HXxxO5UmVgyjMa+ZDsiaf5wWLXYpRWMmBI0QHg=="],

    "acorn-import-attributes": ["acorn-import-attributes@1.9.5", "", { "peerDependencies": { "acorn": "^8" } }, "sha512-n02Vykv5uA3eHGM/Z2dQrcD56kL8TyDb2p1+0P83PClMnC/nc+anbQRhIOWnSq4Ke/KvDPrY3C9hDtC/A3eHnQ=="],

    "bun-types": ["bun-types@1.2.12", "", { "dependencies": { "@types/node": "*" } }, "sha512-tvWMx5vPqbRXgE8WUZI94iS1xAYs8bkqESR9cxBB1Wi+urvfTrF1uzuDgBHFAdO0+d2lmsbG3HmeKMvUyj6pWA=="],

    "byline": ["byline@5.0.0", "", {}, "sha512-s6webAy+R4SR8XVuJWt2V2rGvhnrhxN+9S15GNuTK3wKPOXFF6RNc+8ug2XhH+2s4f+uudG4kUVYmYOQWL2g0Q=="],

    "cjs-module-lexer": ["cjs-module-lexer@1.4.3", "", {}, "sha512-9z8TZaGM1pfswYeXrUpzPrkx8UnWYdhJclsiYMm6x/w5+nN+8Tf/LnAgfLGQCm59qAOxU8WwHEq2vNwF6i4j+Q=="],

    "core-js": ["core-js@3.42.0", "", {}, "sha512-Sz4PP4ZA+Rq4II21qkNqOEDTDrCvcANId3xpIgB34NDkWc3UduWj2dqEtN9yZIq8Dk3HyPI33x9sqqU5C8sr0g=="],

    "debug": ["debug@4.4.0", "", { "dependencies": { "ms": "^2.1.3" } }, "sha512-6WTZ/IxCY/T6BALoZHaE4ctp9xm+Z5kY/pzYaCHRFeyVhojxlrm+46y68HA6hr0TcwEssoxNiDEUJQjfPZ/RYA=="],

    "end-of-stream": ["end-of-stream@1.4.4", "", { "dependencies": { "once": "^1.4.0" } }, "sha512-+uw1inIHVPQoaVuHzRyXd21icM+cnt4CzD5rW+NC1wjOUSTOs+Te7FOv7AhN7vS9x/oIyhLP5PR1H+phQAHu5Q=="],

    "error-stack-parser": ["error-stack-parser@2.1.4", "", { "dependencies": { "stackframe": "^1.3.4" } }, "sha512-Sk5V6wVazPhq5MhpO+AUxJn5x7XSXGl1R93Vn7i+zS15KDVxQijejNCrz8340/2bgLBjR9GtEG8ZVKONDjcqGQ=="],

    "fflate": ["fflate@0.4.8", "", {}, "sha512-FJqqoDBR00Mdj9ppamLa/Y7vxm+PRmNWA67N846RvsoYVMKB4q3y/de5PA7gUmRMYK/8CMz2GDZQmCRN1wBcWA=="],

    "forwarded-parse": ["forwarded-parse@2.1.2", "", {}, "sha512-alTFZZQDKMporBH77856pXgzhEzaUVmLCDk+egLgIgHst3Tpndzz8MnKe+GzRJRfvVdn69HhpW7cmXzvtLvJAw=="],

    "function-bind": ["function-bind@1.1.2", "", {}, "sha512-7XHNxH7qX9xG5mIwxkhumTox/MIRNcOgDrxWsMt2pAr23WHp6MrRlN7FBSFpCpr+oVO0F744iUgR82nJMfG2SA=="],

    "hasown": ["hasown@2.0.2", "", { "dependencies": { "function-bind": "^1.1.2" } }, "sha512-0hJU9SCPvmMzIBdZFqNPXWa6dqh7WdH0cII9y+CyS8rG3nL48Bclra9HmKhVVUHyPWNH5Y7xDwAB7bfgSjkUMQ=="],

    "import-in-the-middle": ["import-in-the-middle@1.13.1", "", { "dependencies": { "acorn": "^8.14.0", "acorn-import-attributes": "^1.9.5", "cjs-module-lexer": "^1.2.2", "module-details-from-path": "^1.0.3" } }, "sha512-k2V9wNm9B+ysuelDTHjI9d5KPc4l8zAZTGqj+pcynvWkypZd857ryzN8jNC7Pg2YZXNMJcHRPpaDyCBbNyVRpA=="],

    "is-core-module": ["is-core-module@2.16.1", "", { "dependencies": { "hasown": "^2.0.2" } }, "sha512-UfoeMA6fIJ8wTYFEUjelnaGI67v6+N7qXJEvQuIGa99l4xsCruSYOVSQ0uPANn4dAzm8lkYPaKLrrijLq7x23w=="],

    "iserror": ["iserror@0.0.2", "", {}, "sha512-oKGGrFVaWwETimP3SiWwjDeY27ovZoyZPHtxblC4hCq9fXxed/jasx+ATWFFjCVSRZng8VTMsN1nDnGo6zMBSw=="],

    "module-details-from-path": ["module-details-from-path@1.0.4", "", {}, "sha512-EGWKgxALGMgzvxYF1UyGTy0HXX/2vHLkw6+NvDKW2jypWbHpjQuj4UMcqQWXHERJhVGKikolT06G3bcKe4fi7w=="],

    "ms": ["ms@2.1.3", "", {}, "sha512-6FlzubTLZG3J2a/NVCAleEhjzq5oxgHyaCU9yYXvcLsvoVaHJq/s5xXI6/XXP6tz7R9xAOtHnSO/tXtF3WRTlA=="],

    "once": ["once@1.4.0", "", { "dependencies": { "wrappy": "1" } }, "sha512-lNaJgI+2Q5URQBkccEKHTQOPaXdUxnZZElQTZY0MFUAuaEqe1E+Nyvgdz/aIyNi6Z9MzO5dv1H8n58/GELp3+w=="],

    "path-parse": ["path-parse@1.0.7", "", {}, "sha512-LDJzPVEEEPR+y48z93A0Ed0yXb8pAByGWo/k5YYdYgpY2/2EsOsksJrq7lOHxryrVOn1ejG6oAp8ahvOIQD8sw=="],

    "pg-int8": ["pg-int8@1.0.1", "", {}, "sha512-WCtabS6t3c8SkpDBUlb1kjOs7l66xsGdKpIPZsg4wR+B3+u9UAum2odSsF9tnvxg80h4ZxLWMy4pRjOsFIqQpw=="],

    "pg-protocol": ["pg-protocol@1.10.0", "", {}, "sha512-IpdytjudNuLv8nhlHs/UrVBhU0e78J0oIS/0AVdTbWxSOkFUVdsHC/NrorO6nXsQNDTT1kzDSOMJubBQviX18Q=="],

    "pg-types": ["pg-types@2.2.0", "", { "dependencies": { "pg-int8": "1.0.1", "postgres-array": "~2.0.0", "postgres-bytea": "~1.0.0", "postgres-date": "~1.0.4", "postgres-interval": "^1.1.0" } }, "sha512-qTAAlrEsl8s4OiEQY69wDvcMIdQN6wdz5ojQiOy6YRMuynxenON0O5oCpJI6lshc6scgAY8qvJ2On/p+CXY0GA=="],

    "postgres-array": ["postgres-array@2.0.0", "", {}, "sha512-VpZrUqU5A69eQyW2c5CA1jtLecCsN2U/bD6VilrFDWq5+5UIEVO7nazS3TEcHf1zuPYO/sqGvUvW62g86RXZuA=="],

    "postgres-bytea": ["postgres-bytea@1.0.0", "", {}, "sha512-xy3pmLuQqRBZBXDULy7KbaitYqLcmxigw14Q5sj8QBVLqEwXfeybIKVWiqAXTlcvdvb0+xkOtDbfQMOf4lST1w=="],

    "postgres-date": ["postgres-date@1.0.7", "", {}, "sha512-suDmjLVQg78nMK2UZ454hAG+OAW+HQPZ6n++TNDUX+L0+uUlLywnoxJKDou51Zm+zTCjrCl0Nq6J9C5hP9vK/Q=="],

    "postgres-interval": ["postgres-interval@1.2.0", "", { "dependencies": { "xtend": "^4.0.0" } }, "sha512-9ZhXKM/rw350N1ovuWHbGxnGh/SNJ4cnxHiM0rxE4VN41wsg8P8zWn9hv/buK00RP4WvlOyr/RBDiptyxVbkZQ=="],

    "posthog-js": ["posthog-js@1.245.0", "", { "dependencies": { "core-js": "^3.38.1", "fflate": "^0.4.8", "preact": "^10.19.3", "web-vitals": "^4.2.4" }, "peerDependencies": { "@rrweb/types": "2.0.0-alpha.17", "rrweb-snapshot": "2.0.0-alpha.17" }, "optionalPeers": ["@rrweb/types", "rrweb-snapshot"] }, "sha512-vrEyQ2ARC07kmgrcJY+2/ij6PfSiBb9IGnmaWxxikYrkHL4LEGNkJ637R1EvNDE6+IflQMixo/3Kd2IjXFYx+A=="],

    "preact": ["preact@10.26.6", "", {}, "sha512-5SRRBinwpwkaD+OqlBDeITlRgvd8I8QlxHJw9AxSdMNV6O+LodN9nUyYGpSF7sadHjs6RzeFShMexC6DbtWr9g=="],

    "pump": ["pump@3.0.2", "", { "dependencies": { "end-of-stream": "^1.1.0", "once": "^1.3.1" } }, "sha512-tUPXtzlGM8FE3P0ZL6DVs/3P58k9nk8/jZeQCurTJylQA8qFYzHFfhBJkuqyE0FifOsQ0uKWekiZ5g8wtr28cw=="],

    "require-in-the-middle": ["require-in-the-middle@7.5.2", "", { "dependencies": { "debug": "^4.3.5", "module-details-from-path": "^1.0.3", "resolve": "^1.22.8" } }, "sha512-gAZ+kLqBdHarXB64XpAe2VCjB7rIRv+mU8tfRWziHRJ5umKsIHN2tLLv6EtMw7WCdP19S0ERVMldNvxYCHnhSQ=="],

    "resolve": ["resolve@1.22.10", "", { "dependencies": { "is-core-module": "^2.16.0", "path-parse": "^1.0.7", "supports-preserve-symlinks-flag": "^1.0.0" }, "bin": { "resolve": "bin/resolve" } }, "sha512-NPRy+/ncIMeDlTAsuqwKIiferiawhefFJtkNSW0qZJEqMEb+qBt/77B/jGeeek+F0uOeN05CDa6HXbbIgtVX4w=="],

    "semver": ["semver@7.7.2", "", { "bin": { "semver": "bin/semver.js" } }, "sha512-RF0Fw+rO5AMf9MAyaRXI4AV0Ulj5lMHqVxxdSgiVbixSCXoEmmX/jk0CuJw4+3SqroYO9VoUh+HcuJivvtJemA=="],

    "shimmer": ["shimmer@1.2.1", "", {}, "sha512-sQTKC1Re/rM6XyFM6fIAGHRPVGvyXfgzIDvzoq608vM+jeyVD0Tu1E6Np0Kc2zAIFWIj963V2800iF/9LPieQw=="],

    "stack-generator": ["stack-generator@2.0.10", "", { "dependencies": { "stackframe": "^1.3.4" } }, "sha512-mwnua/hkqM6pF4k8SnmZ2zfETsRUpWXREfA/goT8SLCV4iOFa4bzOX2nDipWAZFPTjLvQB82f5yaodMVhK0yJQ=="],

    "stackframe": ["stackframe@1.3.4", "", {}, "sha512-oeVtt7eWQS+Na6F//S4kJ2K2VbRlS9D43mAlMyVpVWovy9o+jfgH8O9agzANzaiLjclA0oYzUXEM4PurhSUChw=="],

    "supports-preserve-symlinks-flag": ["supports-preserve-symlinks-flag@1.0.0", "", {}, "sha512-ot0WnXS9fgdkgIcePe6RHNk1WA8+muPa6cSjeR3V8K27q9BB1rTE3R1p7Hv0z1ZyAc8s6Vvv8DIyWf681MAt0w=="],

    "typescript": ["typescript@5.8.3", "", { "bin": { "tsc": "bin/tsc", "tsserver": "bin/tsserver" } }, "sha512-p1diW6TqL9L07nNxvRMM7hMMw4c5XOo/1ibL4aAIGmSAt9slTE1Xgw5KWuof2uTOvCg9BY7ZRi+GaF+7sfgPeQ=="],

    "undici-types": ["undici-types@6.21.0", "", {}, "sha512-iwDZqg0QAGrg9Rav5H4n0M64c3mkR59cJ6wQp+7C4nI0gsmExaedaYLNO44eT4AtBBwjbTiGPMlt2Md0T9H9JQ=="],

    "web-vitals": ["web-vitals@4.2.4", "", {}, "sha512-r4DIlprAGwJ7YM11VZp4R884m0Vmgr6EAKe3P+kO0PPj3Unqyvv59rczf6UiGcb9Z8QxZVcqKNwv/g0WNdWwsw=="],

    "wrappy": ["wrappy@1.0.2", "", {}, "sha512-l4Sp/DRseor9wL6EvV2+TuQn63dMkPjZ/sp9XkghTEbV9KlPS1xUsZ3u7/IQO4wxtcFB4bgpQPRcR3QCvezPcQ=="],

    "xtend": ["xtend@4.0.2", "", {}, "sha512-LKYU1iAXJXUgAXn9URjiu+MWhyUXHsvfp7mcuYm9dSUKK0/CjtrUwFAxD82/mCWbtLsGjFIad0wIsod4zrTAEQ=="],

    "@fastify/otel/@opentelemetry/core": ["@opentelemetry/core@2.0.0", "", { "dependencies": { "@opentelemetry/semantic-conventions": "^1.29.0" }, "peerDependencies": { "@opentelemetry/api": ">=1.0.0 <1.10.0" } }, "sha512-SLX36allrcnVaPYG3R78F/UZZsBsvbc7lMCLx37LyH5MJ1KAAZ2E3mW9OAD3zGz0G8q/BtoS5VUrjzDydhD6LQ=="],

    "@fastify/otel/@opentelemetry/instrumentation": ["@opentelemetry/instrumentation@0.200.0", "", { "dependencies": { "@opentelemetry/api-logs": "0.200.0", "@types/shimmer": "^1.2.0", "import-in-the-middle": "^1.8.1", "require-in-the-middle": "^7.1.1", "shimmer": "^1.2.1" }, "peerDependencies": { "@opentelemetry/api": "^1.3.0" } }, "sha512-pmPlzfJd+vvgaZd/reMsC8RWgTXn2WY1OWT5RT42m3aOn5532TozwXNDhg1vzqJ+jnvmkREcdLr27ebJEQt0Jg=="],

    "@opentelemetry/core/@opentelemetry/semantic-conventions": ["@opentelemetry/semantic-conventions@1.28.0", "", {}, "sha512-lp4qAiMTD4sNWW4DbKLBkfiMZ4jbAboJIGOQr5DvciMRI494OapieI9qiODpOt0XBr1LjIDy1xAGAnVs5supTA=="],

    "@opentelemetry/instrumentation-http/@opentelemetry/semantic-conventions": ["@opentelemetry/semantic-conventions@1.28.0", "", {}, "sha512-lp4qAiMTD4sNWW4DbKLBkfiMZ4jbAboJIGOQr5DvciMRI494OapieI9qiODpOt0XBr1LjIDy1xAGAnVs5supTA=="],

    "@opentelemetry/resources/@opentelemetry/semantic-conventions": ["@opentelemetry/semantic-conventions@1.28.0", "", {}, "sha512-lp4qAiMTD4sNWW4DbKLBkfiMZ4jbAboJIGOQr5DvciMRI494OapieI9qiODpOt0XBr1LjIDy1xAGAnVs5supTA=="],

    "@opentelemetry/sdk-trace-base/@opentelemetry/semantic-conventions": ["@opentelemetry/semantic-conventions@1.28.0", "", {}, "sha512-lp4qAiMTD4sNWW4DbKLBkfiMZ4jbAboJIGOQr5DvciMRI494OapieI9qiODpOt0XBr1LjIDy1xAGAnVs5supTA=="],

    "@fastify/otel/@opentelemetry/instrumentation/@opentelemetry/api-logs": ["@opentelemetry/api-logs@0.200.0", "", { "dependencies": { "@opentelemetry/api": "^1.3.0" } }, "sha512-IKJBQxh91qJ+3ssRly5hYEJ8NDHu9oY/B1PXVSCWf7zytmYO9RNLB0Ox9XQ/fJ8m6gY6Q6NtBWlmXfaXt5Uc4Q=="],
  }
}
